
Microsoft Visual Studio Solution File, Format Version 12.00
# Visual Studio Version 17
VisualStudioVersion = 17.6.33801.468
MinimumVisualStudioVersion = 10.0.40219.1
Project("{9A19103F-16F7-4668-BE54-9A1E7A4F7556}") = "TodoList", "TodoList\TodoList.csproj", "{D92C2E61-9BE6-46FB-A172-286F7D0EF775}"
EndProject
Project("{9A19103F-16F7-4668-BE54-9A1E7A4F7556}") = "Calculator", "Calculator\Calculator.csproj", "{88B4B971-4BF1-4FA5-A601-D1C08ECCE867}"
EndProject
Project("{9A19103F-16F7-4668-BE54-9A1E7A4F7556}") = "Date_Time_OOP", "Date_Time_OOP\Date_Time_OOP.csproj", "{0AA81ED9-DF6A-492E-81DA-9EE550BC9285}"
EndProject
Project("{9A19103F-16F7-4668-BE54-9A1E7A4F7556}") = "BasicOfOOP", "BasicOfOOP\BasicOfOOP.csproj", "{2787E5FF-D078-456B-98A3-3C05788CF8F9}"
EndProject
Project("{FAE04EC0-301F-11D3-BF4B-00C04F79EFBC}") = "MedicalAppointment", "MedicalAppointment\MedicalAppointment.csproj", "{BA7AE366-0194-4920-B2BC-568D504D17D7}"
EndProject
Project("{FAE04EC0-301F-11D3-BF4B-00C04F79EFBC}") = "Dogclass_Project", "Dogclass_Project\Dogclass_Project.csproj", "{907E856A-DCF7-4339-9A25-6BB1C17B1E26}"
EndProject
Global
	GlobalSection(SolutionConfigurationPlatforms) = preSolution
		Debug|Any CPU = Debug|Any CPU
		Release|Any CPU = Release|Any CPU
	EndGlobalSection
	GlobalSection(ProjectConfigurationPlatforms) = postSolution
		{D92C2E61-9BE6-46FB-A172-286F7D0EF775}.Debug|Any CPU.ActiveCfg = Debug|Any CPU
		{D92C2E61-9BE6-46FB-A172-286F7D0EF775}.Debug|Any CPU.Build.0 = Debug|Any CPU
		{D92C2E61-9BE6-46FB-A172-286F7D0EF775}.Release|Any CPU.ActiveCfg = Release|Any CPU
		{D92C2E61-9BE6-46FB-A172-286F7D0EF775}.Release|Any CPU.Build.0 = Release|Any CPU
		{88B4B971-4BF1-4FA5-A601-D1C08ECCE867}.Debug|Any CPU.ActiveCfg = Debug|Any CPU
		{88B4B971-4BF1-4FA5-A601-D1C08ECCE867}.Debug|Any CPU.Build.0 = Debug|Any CPU
		{88B4B971-4BF1-4FA5-A601-D1C08ECCE867}.Release|Any CPU.ActiveCfg = Release|Any CPU
		{88B4B971-4BF1-4FA5-A601-D1C08ECCE867}.Release|Any CPU.Build.0 = Release|Any CPU
		{0AA81ED9-DF6A-492E-81DA-9EE550BC9285}.Debug|Any CPU.ActiveCfg = Debug|Any CPU
		{0AA81ED9-DF6A-492E-81DA-9EE550BC9285}.Debug|Any CPU.Build.0 = Debug|Any CPU
		{0AA81ED9-DF6A-492E-81DA-9EE550BC9285}.Release|Any CPU.ActiveCfg = Release|Any CPU
		{0AA81ED9-DF6A-492E-81DA-9EE550BC9285}.Release|Any CPU.Build.0 = Release|Any CPU
		{2787E5FF-D078-456B-98A3-3C05788CF8F9}.Debug|Any CPU.ActiveCfg = Debug|Any CPU
		{2787E5FF-D078-456B-98A3-3C05788CF8F9}.Debug|Any CPU.Build.0 = Debug|Any CPU
		{2787E5FF-D078-456B-98A3-3C05788CF8F9}.Release|Any CPU.ActiveCfg = Release|Any CPU
		{2787E5FF-D078-456B-98A3-3C05788CF8F9}.Release|Any CPU.Build.0 = Release|Any CPU
		{BA7AE366-0194-4920-B2BC-568D504D17D7}.Debug|Any CPU.ActiveCfg = Debug|Any CPU
		{BA7AE366-0194-4920-B2BC-568D504D17D7}.Debug|Any CPU.Build.0 = Debug|Any CPU
		{BA7AE366-0194-4920-B2BC-568D504D17D7}.Release|Any CPU.ActiveCfg = Release|Any CPU
		{BA7AE366-0194-4920-B2BC-568D504D17D7}.Release|Any CPU.Build.0 = Release|Any CPU
		{907E856A-DCF7-4339-9A25-6BB1C17B1E26}.Debug|Any CPU.ActiveCfg = Debug|Any CPU
		{907E856A-DCF7-4339-9A25-6BB1C17B1E26}.Debug|Any CPU.Build.0 = Debug|Any CPU
		{907E856A-DCF7-4339-9A25-6BB1C17B1E26}.Release|Any CPU.ActiveCfg = Release|Any CPU
		{907E856A-DCF7-4339-9A25-6BB1C17B1E26}.Release|Any CPU.Build.0 = Release|Any CPU
	EndGlobalSection
	GlobalSection(SolutionProperties) = preSolution
		HideSolutionNode = FALSE
	EndGlobalSection
	GlobalSection(ExtensibilityGlobals) = postSolution
		SolutionGuid = {30C144F7-4B45-4DC2-A469-1C4B03B022F4}
	EndGlobalSection
EndGlobal
